
Microsoft Visual Studio Solution File, Format Version 12.00
# Visual Studio Version 17
VisualStudioVersion = 17.0.31903.59
MinimumVisualStudioVersion = 10.0.40219.1
Project("{2150E333-8FDC-42A3-9474-1A3956D46DE8}") = "src", "src", "{79D4B278-F912-4AA0-AF19-D6E301C03D11}"
EndProject
Project("{F2A71F9B-5D33-465A-A702-920D77279786}") = "Wishes.Giraffe", "src\giraffe\Wishes.Giraffe.fsproj", "{55CA3F20-102F-474B-A7A5-080F9C3E6A7F}"
EndProject
Project("{F2A71F9B-5D33-465A-A702-920D77279786}") = "Wishes.Repository", "src\repository\Wishes.Repository.fsproj", "{5EE21781-D828-4673-A4F1-820D30E45439}"
EndProject
Project("{F2A71F9B-5D33-465A-A702-920D77279786}") = "Wishes.Shared", "src\shared\Wishes.Shared.fsproj", "{2DDDE7F8-0AC3-418A-95F0-71F6680732F6}"
EndProject
Global
	GlobalSection(SolutionConfigurationPlatforms) = preSolution
		Debug|Any CPU = Debug|Any CPU
		Release|Any CPU = Release|Any CPU
	EndGlobalSection
	GlobalSection(SolutionProperties) = preSolution
		HideSolutionNode = FALSE
	EndGlobalSection
	GlobalSection(ProjectConfigurationPlatforms) = postSolution
		{55CA3F20-102F-474B-A7A5-080F9C3E6A7F}.Debug|Any CPU.ActiveCfg = Debug|Any CPU
		{55CA3F20-102F-474B-A7A5-080F9C3E6A7F}.Debug|Any CPU.Build.0 = Debug|Any CPU
		{55CA3F20-102F-474B-A7A5-080F9C3E6A7F}.Release|Any CPU.ActiveCfg = Release|Any CPU
		{55CA3F20-102F-474B-A7A5-080F9C3E6A7F}.Release|Any CPU.Build.0 = Release|Any CPU
		{5EE21781-D828-4673-A4F1-820D30E45439}.Debug|Any CPU.ActiveCfg = Debug|Any CPU
		{5EE21781-D828-4673-A4F1-820D30E45439}.Debug|Any CPU.Build.0 = Debug|Any CPU
		{5EE21781-D828-4673-A4F1-820D30E45439}.Release|Any CPU.ActiveCfg = Release|Any CPU
		{5EE21781-D828-4673-A4F1-820D30E45439}.Release|Any CPU.Build.0 = Release|Any CPU
		{2DDDE7F8-0AC3-418A-95F0-71F6680732F6}.Debug|Any CPU.ActiveCfg = Debug|Any CPU
		{2DDDE7F8-0AC3-418A-95F0-71F6680732F6}.Debug|Any CPU.Build.0 = Debug|Any CPU
		{2DDDE7F8-0AC3-418A-95F0-71F6680732F6}.Release|Any CPU.ActiveCfg = Release|Any CPU
		{2DDDE7F8-0AC3-418A-95F0-71F6680732F6}.Release|Any CPU.Build.0 = Release|Any CPU
	EndGlobalSection
	GlobalSection(NestedProjects) = preSolution
		{55CA3F20-102F-474B-A7A5-080F9C3E6A7F} = {79D4B278-F912-4AA0-AF19-D6E301C03D11}
		{5EE21781-D828-4673-A4F1-820D30E45439} = {79D4B278-F912-4AA0-AF19-D6E301C03D11}
		{2DDDE7F8-0AC3-418A-95F0-71F6680732F6} = {79D4B278-F912-4AA0-AF19-D6E301C03D11}
	EndGlobalSection
EndGlobal
